
Microsoft Visual Studio Solution File, Format Version 12.00
# Visual Studio Version 17
VisualStudioVersion = 17.1.32228.430
MinimumVisualStudioVersion = 15.0.26124.0
Project("{9A19103F-16F7-4668-BE54-9A1E7A4F7556}") = "Qwirkle.WebApi.Server", "Qwirkle.WebApi.Server\Qwirkle.WebApi.Server.csproj", "{23875049-824D-4620-BDE2-E4BF7209C6B1}"
EndProject
Project("{9A19103F-16F7-4668-BE54-9A1E7A4F7556}") = "Qwirkle.WebApi.Shared", "Qwirkle.WebApi.Shared\Qwirkle.WebApi.Shared.csproj", "{633A76A9-5815-4BBA-B2CB-BE0C7A506430}"
EndProject
Project("{9A19103F-16F7-4668-BE54-9A1E7A4F7556}") = "Qwirkle.WebApi.Client.Blazor", "Qwirkle.WebApi.Client.Blazor\Qwirkle.WebApi.Client.Blazor.csproj", "{02E962FD-7164-4B4A-A7E2-27F83E44C8C3}"
EndProject
Global
	GlobalSection(SolutionConfigurationPlatforms) = preSolution
		Debug|Any CPU = Debug|Any CPU
		Debug|x64 = Debug|x64
		Debug|x86 = Debug|x86
		Release|Any CPU = Release|Any CPU
		Release|x64 = Release|x64
		Release|x86 = Release|x86
	EndGlobalSection
	GlobalSection(ProjectConfigurationPlatforms) = postSolution
		{23875049-824D-4620-BDE2-E4BF7209C6B1}.Debug|Any CPU.ActiveCfg = Debug|Any CPU
		{23875049-824D-4620-BDE2-E4BF7209C6B1}.Debug|Any CPU.Build.0 = Debug|Any CPU
		{23875049-824D-4620-BDE2-E4BF7209C6B1}.Debug|x64.ActiveCfg = Debug|Any CPU
		{23875049-824D-4620-BDE2-E4BF7209C6B1}.Debug|x64.Build.0 = Debug|Any CPU
		{23875049-824D-4620-BDE2-E4BF7209C6B1}.Debug|x86.ActiveCfg = Debug|Any CPU
		{23875049-824D-4620-BDE2-E4BF7209C6B1}.Debug|x86.Build.0 = Debug|Any CPU
		{23875049-824D-4620-BDE2-E4BF7209C6B1}.Release|Any CPU.ActiveCfg = Release|Any CPU
		{23875049-824D-4620-BDE2-E4BF7209C6B1}.Release|Any CPU.Build.0 = Release|Any CPU
		{23875049-824D-4620-BDE2-E4BF7209C6B1}.Release|x64.ActiveCfg = Release|Any CPU
		{23875049-824D-4620-BDE2-E4BF7209C6B1}.Release|x64.Build.0 = Release|Any CPU
		{23875049-824D-4620-BDE2-E4BF7209C6B1}.Release|x86.ActiveCfg = Release|Any CPU
		{23875049-824D-4620-BDE2-E4BF7209C6B1}.Release|x86.Build.0 = Release|Any CPU
		{633A76A9-5815-4BBA-B2CB-BE0C7A506430}.Debug|Any CPU.ActiveCfg = Debug|Any CPU
		{633A76A9-5815-4BBA-B2CB-BE0C7A506430}.Debug|Any CPU.Build.0 = Debug|Any CPU
		{633A76A9-5815-4BBA-B2CB-BE0C7A506430}.Debug|x64.ActiveCfg = Debug|Any CPU
		{633A76A9-5815-4BBA-B2CB-BE0C7A506430}.Debug|x64.Build.0 = Debug|Any CPU
		{633A76A9-5815-4BBA-B2CB-BE0C7A506430}.Debug|x86.ActiveCfg = Debug|Any CPU
		{633A76A9-5815-4BBA-B2CB-BE0C7A506430}.Debug|x86.Build.0 = Debug|Any CPU
		{633A76A9-5815-4BBA-B2CB-BE0C7A506430}.Release|Any CPU.ActiveCfg = Release|Any CPU
		{633A76A9-5815-4BBA-B2CB-BE0C7A506430}.Release|Any CPU.Build.0 = Release|Any CPU
		{633A76A9-5815-4BBA-B2CB-BE0C7A506430}.Release|x64.ActiveCfg = Release|Any CPU
		{633A76A9-5815-4BBA-B2CB-BE0C7A506430}.Release|x64.Build.0 = Release|Any CPU
		{633A76A9-5815-4BBA-B2CB-BE0C7A506430}.Release|x86.ActiveCfg = Release|Any CPU
		{633A76A9-5815-4BBA-B2CB-BE0C7A506430}.Release|x86.Build.0 = Release|Any CPU
		{02E962FD-7164-4B4A-A7E2-27F83E44C8C3}.Debug|Any CPU.ActiveCfg = Debug|Any CPU
		{02E962FD-7164-4B4A-A7E2-27F83E44C8C3}.Debug|Any CPU.Build.0 = Debug|Any CPU
		{02E962FD-7164-4B4A-A7E2-27F83E44C8C3}.Debug|x64.ActiveCfg = Debug|Any CPU
		{02E962FD-7164-4B4A-A7E2-27F83E44C8C3}.Debug|x64.Build.0 = Debug|Any CPU
		{02E962FD-7164-4B4A-A7E2-27F83E44C8C3}.Debug|x86.ActiveCfg = Debug|Any CPU
		{02E962FD-7164-4B4A-A7E2-27F83E44C8C3}.Debug|x86.Build.0 = Debug|Any CPU
		{02E962FD-7164-4B4A-A7E2-27F83E44C8C3}.Release|Any CPU.ActiveCfg = Release|Any CPU
		{02E962FD-7164-4B4A-A7E2-27F83E44C8C3}.Release|Any CPU.Build.0 = Release|Any CPU
		{02E962FD-7164-4B4A-A7E2-27F83E44C8C3}.Release|x64.ActiveCfg = Release|Any CPU
		{02E962FD-7164-4B4A-A7E2-27F83E44C8C3}.Release|x64.Build.0 = Release|Any CPU
		{02E962FD-7164-4B4A-A7E2-27F83E44C8C3}.Release|x86.ActiveCfg = Release|Any CPU
		{02E962FD-7164-4B4A-A7E2-27F83E44C8C3}.Release|x86.Build.0 = Release|Any CPU
	EndGlobalSection
	GlobalSection(SolutionProperties) = preSolution
		HideSolutionNode = FALSE
	EndGlobalSection
	GlobalSection(ExtensibilityGlobals) = postSolution
		SolutionGuid = {BE05E851-2071-4403-B9AE-415E988E0CBB}
	EndGlobalSection
EndGlobal
