
Microsoft Visual Studio Solution File, Format Version 12.00
# Visual Studio Version 17
VisualStudioVersion = 17.1.32228.430
MinimumVisualStudioVersion = 15.0.26124.0
Project("{9A19103F-16F7-4668-BE54-9A1E7A4F7556}") = "Qwirkle.WebApi.Server", "Qwirkle.WebApi.Server\Qwirkle.WebApi.Server.csproj", "{23875049-824D-4620-BDE2-E4BF7209C6B1}"
	ProjectSection(ProjectDependencies) = postProject
		{0770D31A-B653-4443-BC4C-4518344217BD} = {0770D31A-B653-4443-BC4C-4518344217BD}
		{F9A36A65-3CDB-4E43-8446-CAAA0770D3E8} = {F9A36A65-3CDB-4E43-8446-CAAA0770D3E8}
	EndProjectSection
EndProject
Project("{9A19103F-16F7-4668-BE54-9A1E7A4F7556}") = "Qwirkle.WebApi.Shared", "Qwirkle.WebApi.Shared\Qwirkle.WebApi.Shared.csproj", "{633A76A9-5815-4BBA-B2CB-BE0C7A506430}"
EndProject
Project("{9A19103F-16F7-4668-BE54-9A1E7A4F7556}") = "Qwirkle.WebApi.Client.Blazor", "Qwirkle.WebApi.Client.Blazor\Qwirkle.WebApi.Client.Blazor.csproj", "{02E962FD-7164-4B4A-A7E2-27F83E44C8C3}"
EndProject
Project("{9A19103F-16F7-4668-BE54-9A1E7A4F7556}") = "Qwirkle.Domain", "Qwirkle.Domain\Qwirkle.Domain.csproj", "{D1291268-A870-4583-92F2-80EBAE149A46}"
EndProject
Project("{9A19103F-16F7-4668-BE54-9A1E7A4F7556}") = "Qwirkle.Authentication", "Qwirkle.Authentication\Qwirkle.Authentication.csproj", "{0770D31A-B653-4443-BC4C-4518344217BD}"
EndProject
Project("{9A19103F-16F7-4668-BE54-9A1E7A4F7556}") = "Qwirkle.Infra.Repository", "Qwirkle.Infra.Repository\Qwirkle.Infra.Repository.csproj", "{9936BD17-4AB0-453D-AF97-752CE4E0C019}"
EndProject
Project("{9A19103F-16F7-4668-BE54-9A1E7A4F7556}") = "Qwirkle.SignalR", "Qwirkle.SignalR\Qwirkle.SignalR.csproj", "{F9A36A65-3CDB-4E43-8446-CAAA0770D3E8}"
EndProject
Project("{9A19103F-16F7-4668-BE54-9A1E7A4F7556}") = "Qwirkle.Test", "Qwirkle.Test\Qwirkle.Test.csproj", "{746F3AE8-5CC0-4D3D-87C8-4D9BEAAA211A}"
	ProjectSection(ProjectDependencies) = postProject
		{D1291268-A870-4583-92F2-80EBAE149A46} = {D1291268-A870-4583-92F2-80EBAE149A46}
	EndProjectSection
EndProject
Project("{9A19103F-16F7-4668-BE54-9A1E7A4F7556}") = "Qwirkle.UltraBoardGames.Player", "Qwirkle.UltraBoardGames.Player\Qwirkle.UltraBoardGames.Player.csproj", "{7687AFF0-B737-4FD8-83C9-03CDD8D9D983}"
EndProject
Project("{9A19103F-16F7-4668-BE54-9A1E7A4F7556}") = "Qwirkle.UltraBoardGames.Test", "Qwirkle.UltraBoardGames.Test\Qwirkle.UltraBoardGames.Test.csproj", "{037963E0-960D-46BF-853C-D630A26A55B1}"
EndProject
Project("{2150E333-8FDC-42A3-9474-1A3956D46DE8}") = "Tests", "Tests", "{00A3FE06-55C0-4EB1-B9B5-8E25052F810A}"
EndProject
Project("{2150E333-8FDC-42A3-9474-1A3956D46DE8}") = "Domain", "Domain", "{8FD39BCE-0BE3-431B-9864-B2E598364320}"
EndProject
Project("{2150E333-8FDC-42A3-9474-1A3956D46DE8}") = "Infra", "Infra", "{04F400B7-F310-4D80-BBA2-0624B0A0681F}"
EndProject
Project("{2150E333-8FDC-42A3-9474-1A3956D46DE8}") = "WebApi", "WebApi", "{9658BC42-BDB1-4B10-AADE-1AF4DEA5D18B}"
EndProject
Project("{2150E333-8FDC-42A3-9474-1A3956D46DE8}") = "Bot Evaluation", "Bot Evaluation", "{BD80B127-69C3-4393-A3AA-2310354B9F97}"
EndProject
Project("{9A19103F-16F7-4668-BE54-9A1E7A4F7556}") = "Qwirkle.WebApi.Client.Blazor.Tests", "Qwirkle.WebApi.Client.Blazor.Tests\Qwirkle.WebApi.Client.Blazor.Tests.csproj", "{3E41420F-B151-44FF-892C-8F2F0B9ED4EF}"
	ProjectSection(ProjectDependencies) = postProject
		{02E962FD-7164-4B4A-A7E2-27F83E44C8C3} = {02E962FD-7164-4B4A-A7E2-27F83E44C8C3}
	EndProjectSection
EndProject
Project("{2150E333-8FDC-42A3-9474-1A3956D46DE8}") = "Unit Tests", "Unit Tests", "{1B5DA17F-6E0A-4507-94A3-8DEEB907AF06}"
EndProject
Project("{2150E333-8FDC-42A3-9474-1A3956D46DE8}") = "Integration Tests", "Integration Tests", "{01289102-AB51-476D-970F-9DC9393A70C7}"
EndProject
Project("{FAE04EC0-301F-11D3-BF4B-00C04F79EFBC}") = "Qwirkle.Tests.Integration", "Qwirkle.Tests.Integration\Qwirkle.Tests.Integration.csproj", "{B1721F56-0D62-4A80-BA21-DA1AB8BF0781}"
EndProject
Global
	GlobalSection(SolutionConfigurationPlatforms) = preSolution
		Debug|Any CPU = Debug|Any CPU
		Debug|x64 = Debug|x64
		Debug|x86 = Debug|x86
		NoPersitance|Any CPU = NoPersitance|Any CPU
		NoPersitance|x64 = NoPersitance|x64
		NoPersitance|x86 = NoPersitance|x86
		NoPersitence|Any CPU = NoPersitence|Any CPU
		NoPersitence|x64 = NoPersitence|x64
		NoPersitence|x86 = NoPersitence|x86
		Release|Any CPU = Release|Any CPU
		Release|x64 = Release|x64
		Release|x86 = Release|x86
	EndGlobalSection
	GlobalSection(ProjectConfigurationPlatforms) = postSolution
		{23875049-824D-4620-BDE2-E4BF7209C6B1}.Debug|Any CPU.ActiveCfg = Debug|Any CPU
		{23875049-824D-4620-BDE2-E4BF7209C6B1}.Debug|Any CPU.Build.0 = Debug|Any CPU
		{23875049-824D-4620-BDE2-E4BF7209C6B1}.Debug|x64.ActiveCfg = Debug|Any CPU
		{23875049-824D-4620-BDE2-E4BF7209C6B1}.Debug|x64.Build.0 = Debug|Any CPU
		{23875049-824D-4620-BDE2-E4BF7209C6B1}.Debug|x86.ActiveCfg = Debug|Any CPU
		{23875049-824D-4620-BDE2-E4BF7209C6B1}.Debug|x86.Build.0 = Debug|Any CPU
		{23875049-824D-4620-BDE2-E4BF7209C6B1}.NoPersitance|Any CPU.ActiveCfg = Release|Any CPU
		{23875049-824D-4620-BDE2-E4BF7209C6B1}.NoPersitance|Any CPU.Build.0 = Release|Any CPU
		{23875049-824D-4620-BDE2-E4BF7209C6B1}.NoPersitance|x64.ActiveCfg = Release|Any CPU
		{23875049-824D-4620-BDE2-E4BF7209C6B1}.NoPersitance|x64.Build.0 = Release|Any CPU
		{23875049-824D-4620-BDE2-E4BF7209C6B1}.NoPersitance|x86.ActiveCfg = Release|Any CPU
		{23875049-824D-4620-BDE2-E4BF7209C6B1}.NoPersitance|x86.Build.0 = Release|Any CPU
		{23875049-824D-4620-BDE2-E4BF7209C6B1}.NoPersitence|Any CPU.ActiveCfg = Release|Any CPU
		{23875049-824D-4620-BDE2-E4BF7209C6B1}.NoPersitence|Any CPU.Build.0 = Release|Any CPU
		{23875049-824D-4620-BDE2-E4BF7209C6B1}.NoPersitence|x64.ActiveCfg = Release|Any CPU
		{23875049-824D-4620-BDE2-E4BF7209C6B1}.NoPersitence|x64.Build.0 = Release|Any CPU
		{23875049-824D-4620-BDE2-E4BF7209C6B1}.NoPersitence|x86.ActiveCfg = Release|Any CPU
		{23875049-824D-4620-BDE2-E4BF7209C6B1}.NoPersitence|x86.Build.0 = Release|Any CPU
		{23875049-824D-4620-BDE2-E4BF7209C6B1}.Release|Any CPU.ActiveCfg = Release|Any CPU
		{23875049-824D-4620-BDE2-E4BF7209C6B1}.Release|Any CPU.Build.0 = Release|Any CPU
		{23875049-824D-4620-BDE2-E4BF7209C6B1}.Release|x64.ActiveCfg = Release|Any CPU
		{23875049-824D-4620-BDE2-E4BF7209C6B1}.Release|x64.Build.0 = Release|Any CPU
		{23875049-824D-4620-BDE2-E4BF7209C6B1}.Release|x86.ActiveCfg = Release|Any CPU
		{23875049-824D-4620-BDE2-E4BF7209C6B1}.Release|x86.Build.0 = Release|Any CPU
		{633A76A9-5815-4BBA-B2CB-BE0C7A506430}.Debug|Any CPU.ActiveCfg = Debug|Any CPU
		{633A76A9-5815-4BBA-B2CB-BE0C7A506430}.Debug|Any CPU.Build.0 = Debug|Any CPU
		{633A76A9-5815-4BBA-B2CB-BE0C7A506430}.Debug|x64.ActiveCfg = Debug|Any CPU
		{633A76A9-5815-4BBA-B2CB-BE0C7A506430}.Debug|x64.Build.0 = Debug|Any CPU
		{633A76A9-5815-4BBA-B2CB-BE0C7A506430}.Debug|x86.ActiveCfg = Debug|Any CPU
		{633A76A9-5815-4BBA-B2CB-BE0C7A506430}.Debug|x86.Build.0 = Debug|Any CPU
		{633A76A9-5815-4BBA-B2CB-BE0C7A506430}.NoPersitance|Any CPU.ActiveCfg = Release|Any CPU
		{633A76A9-5815-4BBA-B2CB-BE0C7A506430}.NoPersitance|Any CPU.Build.0 = Release|Any CPU
		{633A76A9-5815-4BBA-B2CB-BE0C7A506430}.NoPersitance|x64.ActiveCfg = Release|Any CPU
		{633A76A9-5815-4BBA-B2CB-BE0C7A506430}.NoPersitance|x64.Build.0 = Release|Any CPU
		{633A76A9-5815-4BBA-B2CB-BE0C7A506430}.NoPersitance|x86.ActiveCfg = Release|Any CPU
		{633A76A9-5815-4BBA-B2CB-BE0C7A506430}.NoPersitance|x86.Build.0 = Release|Any CPU
		{633A76A9-5815-4BBA-B2CB-BE0C7A506430}.NoPersitence|Any CPU.ActiveCfg = Release|Any CPU
		{633A76A9-5815-4BBA-B2CB-BE0C7A506430}.NoPersitence|Any CPU.Build.0 = Release|Any CPU
		{633A76A9-5815-4BBA-B2CB-BE0C7A506430}.NoPersitence|x64.ActiveCfg = Release|Any CPU
		{633A76A9-5815-4BBA-B2CB-BE0C7A506430}.NoPersitence|x64.Build.0 = Release|Any CPU
		{633A76A9-5815-4BBA-B2CB-BE0C7A506430}.NoPersitence|x86.ActiveCfg = Release|Any CPU
		{633A76A9-5815-4BBA-B2CB-BE0C7A506430}.NoPersitence|x86.Build.0 = Release|Any CPU
		{633A76A9-5815-4BBA-B2CB-BE0C7A506430}.Release|Any CPU.ActiveCfg = Release|Any CPU
		{633A76A9-5815-4BBA-B2CB-BE0C7A506430}.Release|Any CPU.Build.0 = Release|Any CPU
		{633A76A9-5815-4BBA-B2CB-BE0C7A506430}.Release|x64.ActiveCfg = Release|Any CPU
		{633A76A9-5815-4BBA-B2CB-BE0C7A506430}.Release|x64.Build.0 = Release|Any CPU
		{633A76A9-5815-4BBA-B2CB-BE0C7A506430}.Release|x86.ActiveCfg = Release|Any CPU
		{633A76A9-5815-4BBA-B2CB-BE0C7A506430}.Release|x86.Build.0 = Release|Any CPU
		{02E962FD-7164-4B4A-A7E2-27F83E44C8C3}.Debug|Any CPU.ActiveCfg = Debug|Any CPU
		{02E962FD-7164-4B4A-A7E2-27F83E44C8C3}.Debug|Any CPU.Build.0 = Debug|Any CPU
		{02E962FD-7164-4B4A-A7E2-27F83E44C8C3}.Debug|x64.ActiveCfg = Debug|Any CPU
		{02E962FD-7164-4B4A-A7E2-27F83E44C8C3}.Debug|x64.Build.0 = Debug|Any CPU
		{02E962FD-7164-4B4A-A7E2-27F83E44C8C3}.Debug|x86.ActiveCfg = Debug|Any CPU
		{02E962FD-7164-4B4A-A7E2-27F83E44C8C3}.Debug|x86.Build.0 = Debug|Any CPU
		{02E962FD-7164-4B4A-A7E2-27F83E44C8C3}.NoPersitance|Any CPU.ActiveCfg = Release|Any CPU
		{02E962FD-7164-4B4A-A7E2-27F83E44C8C3}.NoPersitance|Any CPU.Build.0 = Release|Any CPU
		{02E962FD-7164-4B4A-A7E2-27F83E44C8C3}.NoPersitance|x64.ActiveCfg = Release|Any CPU
		{02E962FD-7164-4B4A-A7E2-27F83E44C8C3}.NoPersitance|x64.Build.0 = Release|Any CPU
		{02E962FD-7164-4B4A-A7E2-27F83E44C8C3}.NoPersitance|x86.ActiveCfg = Release|Any CPU
		{02E962FD-7164-4B4A-A7E2-27F83E44C8C3}.NoPersitance|x86.Build.0 = Release|Any CPU
		{02E962FD-7164-4B4A-A7E2-27F83E44C8C3}.NoPersitence|Any CPU.ActiveCfg = Release|Any CPU
		{02E962FD-7164-4B4A-A7E2-27F83E44C8C3}.NoPersitence|Any CPU.Build.0 = Release|Any CPU
		{02E962FD-7164-4B4A-A7E2-27F83E44C8C3}.NoPersitence|x64.ActiveCfg = Release|Any CPU
		{02E962FD-7164-4B4A-A7E2-27F83E44C8C3}.NoPersitence|x64.Build.0 = Release|Any CPU
		{02E962FD-7164-4B4A-A7E2-27F83E44C8C3}.NoPersitence|x86.ActiveCfg = Release|Any CPU
		{02E962FD-7164-4B4A-A7E2-27F83E44C8C3}.NoPersitence|x86.Build.0 = Release|Any CPU
		{02E962FD-7164-4B4A-A7E2-27F83E44C8C3}.Release|Any CPU.ActiveCfg = Release|Any CPU
		{02E962FD-7164-4B4A-A7E2-27F83E44C8C3}.Release|Any CPU.Build.0 = Release|Any CPU
		{02E962FD-7164-4B4A-A7E2-27F83E44C8C3}.Release|x64.ActiveCfg = Release|Any CPU
		{02E962FD-7164-4B4A-A7E2-27F83E44C8C3}.Release|x64.Build.0 = Release|Any CPU
		{02E962FD-7164-4B4A-A7E2-27F83E44C8C3}.Release|x86.ActiveCfg = Release|Any CPU
		{02E962FD-7164-4B4A-A7E2-27F83E44C8C3}.Release|x86.Build.0 = Release|Any CPU
		{D1291268-A870-4583-92F2-80EBAE149A46}.Debug|Any CPU.ActiveCfg = Debug|Any CPU
		{D1291268-A870-4583-92F2-80EBAE149A46}.Debug|Any CPU.Build.0 = Debug|Any CPU
		{D1291268-A870-4583-92F2-80EBAE149A46}.Debug|x64.ActiveCfg = Debug|Any CPU
		{D1291268-A870-4583-92F2-80EBAE149A46}.Debug|x64.Build.0 = Debug|Any CPU
		{D1291268-A870-4583-92F2-80EBAE149A46}.Debug|x86.ActiveCfg = Debug|Any CPU
		{D1291268-A870-4583-92F2-80EBAE149A46}.Debug|x86.Build.0 = Debug|Any CPU
		{D1291268-A870-4583-92F2-80EBAE149A46}.NoPersitance|Any CPU.ActiveCfg = NoPersitance|Any CPU
		{D1291268-A870-4583-92F2-80EBAE149A46}.NoPersitance|Any CPU.Build.0 = NoPersitance|Any CPU
		{D1291268-A870-4583-92F2-80EBAE149A46}.NoPersitance|x64.ActiveCfg = NoPersitance|Any CPU
		{D1291268-A870-4583-92F2-80EBAE149A46}.NoPersitance|x64.Build.0 = NoPersitance|Any CPU
		{D1291268-A870-4583-92F2-80EBAE149A46}.NoPersitance|x86.ActiveCfg = NoPersitance|Any CPU
		{D1291268-A870-4583-92F2-80EBAE149A46}.NoPersitance|x86.Build.0 = NoPersitance|Any CPU
		{D1291268-A870-4583-92F2-80EBAE149A46}.NoPersitence|Any CPU.ActiveCfg = NoPersitance|Any CPU
		{D1291268-A870-4583-92F2-80EBAE149A46}.NoPersitence|Any CPU.Build.0 = NoPersitance|Any CPU
		{D1291268-A870-4583-92F2-80EBAE149A46}.NoPersitence|x64.ActiveCfg = NoPersitance|Any CPU
		{D1291268-A870-4583-92F2-80EBAE149A46}.NoPersitence|x64.Build.0 = NoPersitance|Any CPU
		{D1291268-A870-4583-92F2-80EBAE149A46}.NoPersitence|x86.ActiveCfg = NoPersitance|Any CPU
		{D1291268-A870-4583-92F2-80EBAE149A46}.NoPersitence|x86.Build.0 = NoPersitance|Any CPU
		{D1291268-A870-4583-92F2-80EBAE149A46}.Release|Any CPU.ActiveCfg = Release|Any CPU
		{D1291268-A870-4583-92F2-80EBAE149A46}.Release|Any CPU.Build.0 = Release|Any CPU
		{D1291268-A870-4583-92F2-80EBAE149A46}.Release|x64.ActiveCfg = Release|Any CPU
		{D1291268-A870-4583-92F2-80EBAE149A46}.Release|x64.Build.0 = Release|Any CPU
		{D1291268-A870-4583-92F2-80EBAE149A46}.Release|x86.ActiveCfg = Release|Any CPU
		{D1291268-A870-4583-92F2-80EBAE149A46}.Release|x86.Build.0 = Release|Any CPU
		{0770D31A-B653-4443-BC4C-4518344217BD}.Debug|Any CPU.ActiveCfg = Debug|Any CPU
		{0770D31A-B653-4443-BC4C-4518344217BD}.Debug|Any CPU.Build.0 = Debug|Any CPU
		{0770D31A-B653-4443-BC4C-4518344217BD}.Debug|x64.ActiveCfg = Debug|Any CPU
		{0770D31A-B653-4443-BC4C-4518344217BD}.Debug|x64.Build.0 = Debug|Any CPU
		{0770D31A-B653-4443-BC4C-4518344217BD}.Debug|x86.ActiveCfg = Debug|Any CPU
		{0770D31A-B653-4443-BC4C-4518344217BD}.Debug|x86.Build.0 = Debug|Any CPU
		{0770D31A-B653-4443-BC4C-4518344217BD}.NoPersitance|Any CPU.ActiveCfg = Debug|Any CPU
		{0770D31A-B653-4443-BC4C-4518344217BD}.NoPersitance|Any CPU.Build.0 = Debug|Any CPU
		{0770D31A-B653-4443-BC4C-4518344217BD}.NoPersitance|x64.ActiveCfg = Debug|Any CPU
		{0770D31A-B653-4443-BC4C-4518344217BD}.NoPersitance|x64.Build.0 = Debug|Any CPU
		{0770D31A-B653-4443-BC4C-4518344217BD}.NoPersitance|x86.ActiveCfg = Debug|Any CPU
		{0770D31A-B653-4443-BC4C-4518344217BD}.NoPersitance|x86.Build.0 = Debug|Any CPU
		{0770D31A-B653-4443-BC4C-4518344217BD}.NoPersitence|Any CPU.ActiveCfg = Debug|Any CPU
		{0770D31A-B653-4443-BC4C-4518344217BD}.NoPersitence|Any CPU.Build.0 = Debug|Any CPU
		{0770D31A-B653-4443-BC4C-4518344217BD}.NoPersitence|x64.ActiveCfg = Debug|Any CPU
		{0770D31A-B653-4443-BC4C-4518344217BD}.NoPersitence|x64.Build.0 = Debug|Any CPU
		{0770D31A-B653-4443-BC4C-4518344217BD}.NoPersitence|x86.ActiveCfg = Debug|Any CPU
		{0770D31A-B653-4443-BC4C-4518344217BD}.NoPersitence|x86.Build.0 = Debug|Any CPU
		{0770D31A-B653-4443-BC4C-4518344217BD}.Release|Any CPU.ActiveCfg = Release|Any CPU
		{0770D31A-B653-4443-BC4C-4518344217BD}.Release|Any CPU.Build.0 = Release|Any CPU
		{0770D31A-B653-4443-BC4C-4518344217BD}.Release|x64.ActiveCfg = Release|Any CPU
		{0770D31A-B653-4443-BC4C-4518344217BD}.Release|x64.Build.0 = Release|Any CPU
		{0770D31A-B653-4443-BC4C-4518344217BD}.Release|x86.ActiveCfg = Release|Any CPU
		{0770D31A-B653-4443-BC4C-4518344217BD}.Release|x86.Build.0 = Release|Any CPU
		{9936BD17-4AB0-453D-AF97-752CE4E0C019}.Debug|Any CPU.ActiveCfg = Debug|Any CPU
		{9936BD17-4AB0-453D-AF97-752CE4E0C019}.Debug|Any CPU.Build.0 = Debug|Any CPU
		{9936BD17-4AB0-453D-AF97-752CE4E0C019}.Debug|x64.ActiveCfg = Debug|Any CPU
		{9936BD17-4AB0-453D-AF97-752CE4E0C019}.Debug|x64.Build.0 = Debug|Any CPU
		{9936BD17-4AB0-453D-AF97-752CE4E0C019}.Debug|x86.ActiveCfg = Debug|Any CPU
		{9936BD17-4AB0-453D-AF97-752CE4E0C019}.Debug|x86.Build.0 = Debug|Any CPU
		{9936BD17-4AB0-453D-AF97-752CE4E0C019}.NoPersitance|Any CPU.ActiveCfg = NoPersitence|Any CPU
		{9936BD17-4AB0-453D-AF97-752CE4E0C019}.NoPersitance|Any CPU.Build.0 = NoPersitence|Any CPU
		{9936BD17-4AB0-453D-AF97-752CE4E0C019}.NoPersitance|x64.ActiveCfg = NoPersitence|Any CPU
		{9936BD17-4AB0-453D-AF97-752CE4E0C019}.NoPersitance|x64.Build.0 = NoPersitence|Any CPU
		{9936BD17-4AB0-453D-AF97-752CE4E0C019}.NoPersitance|x86.ActiveCfg = NoPersitence|Any CPU
		{9936BD17-4AB0-453D-AF97-752CE4E0C019}.NoPersitance|x86.Build.0 = NoPersitence|Any CPU
		{9936BD17-4AB0-453D-AF97-752CE4E0C019}.NoPersitence|Any CPU.ActiveCfg = NoPersitence|Any CPU
		{9936BD17-4AB0-453D-AF97-752CE4E0C019}.NoPersitence|Any CPU.Build.0 = NoPersitence|Any CPU
		{9936BD17-4AB0-453D-AF97-752CE4E0C019}.NoPersitence|x64.ActiveCfg = NoPersitence|Any CPU
		{9936BD17-4AB0-453D-AF97-752CE4E0C019}.NoPersitence|x64.Build.0 = NoPersitence|Any CPU
		{9936BD17-4AB0-453D-AF97-752CE4E0C019}.NoPersitence|x86.ActiveCfg = NoPersitence|Any CPU
		{9936BD17-4AB0-453D-AF97-752CE4E0C019}.NoPersitence|x86.Build.0 = NoPersitence|Any CPU
		{9936BD17-4AB0-453D-AF97-752CE4E0C019}.Release|Any CPU.ActiveCfg = Release|Any CPU
		{9936BD17-4AB0-453D-AF97-752CE4E0C019}.Release|Any CPU.Build.0 = Release|Any CPU
		{9936BD17-4AB0-453D-AF97-752CE4E0C019}.Release|x64.ActiveCfg = Release|Any CPU
		{9936BD17-4AB0-453D-AF97-752CE4E0C019}.Release|x64.Build.0 = Release|Any CPU
		{9936BD17-4AB0-453D-AF97-752CE4E0C019}.Release|x86.ActiveCfg = Release|Any CPU
		{9936BD17-4AB0-453D-AF97-752CE4E0C019}.Release|x86.Build.0 = Release|Any CPU
		{F9A36A65-3CDB-4E43-8446-CAAA0770D3E8}.Debug|Any CPU.ActiveCfg = Debug|Any CPU
		{F9A36A65-3CDB-4E43-8446-CAAA0770D3E8}.Debug|Any CPU.Build.0 = Debug|Any CPU
		{F9A36A65-3CDB-4E43-8446-CAAA0770D3E8}.Debug|x64.ActiveCfg = Debug|Any CPU
		{F9A36A65-3CDB-4E43-8446-CAAA0770D3E8}.Debug|x64.Build.0 = Debug|Any CPU
		{F9A36A65-3CDB-4E43-8446-CAAA0770D3E8}.Debug|x86.ActiveCfg = Debug|Any CPU
		{F9A36A65-3CDB-4E43-8446-CAAA0770D3E8}.Debug|x86.Build.0 = Debug|Any CPU
		{F9A36A65-3CDB-4E43-8446-CAAA0770D3E8}.NoPersitance|Any CPU.ActiveCfg = Debug|Any CPU
		{F9A36A65-3CDB-4E43-8446-CAAA0770D3E8}.NoPersitance|Any CPU.Build.0 = Debug|Any CPU
		{F9A36A65-3CDB-4E43-8446-CAAA0770D3E8}.NoPersitance|x64.ActiveCfg = Debug|Any CPU
		{F9A36A65-3CDB-4E43-8446-CAAA0770D3E8}.NoPersitance|x64.Build.0 = Debug|Any CPU
		{F9A36A65-3CDB-4E43-8446-CAAA0770D3E8}.NoPersitance|x86.ActiveCfg = Debug|Any CPU
		{F9A36A65-3CDB-4E43-8446-CAAA0770D3E8}.NoPersitance|x86.Build.0 = Debug|Any CPU
		{F9A36A65-3CDB-4E43-8446-CAAA0770D3E8}.NoPersitence|Any CPU.ActiveCfg = Debug|Any CPU
		{F9A36A65-3CDB-4E43-8446-CAAA0770D3E8}.NoPersitence|Any CPU.Build.0 = Debug|Any CPU
		{F9A36A65-3CDB-4E43-8446-CAAA0770D3E8}.NoPersitence|x64.ActiveCfg = Debug|Any CPU
		{F9A36A65-3CDB-4E43-8446-CAAA0770D3E8}.NoPersitence|x64.Build.0 = Debug|Any CPU
		{F9A36A65-3CDB-4E43-8446-CAAA0770D3E8}.NoPersitence|x86.ActiveCfg = Debug|Any CPU
		{F9A36A65-3CDB-4E43-8446-CAAA0770D3E8}.NoPersitence|x86.Build.0 = Debug|Any CPU
		{F9A36A65-3CDB-4E43-8446-CAAA0770D3E8}.Release|Any CPU.ActiveCfg = Release|Any CPU
		{F9A36A65-3CDB-4E43-8446-CAAA0770D3E8}.Release|Any CPU.Build.0 = Release|Any CPU
		{F9A36A65-3CDB-4E43-8446-CAAA0770D3E8}.Release|x64.ActiveCfg = Release|Any CPU
		{F9A36A65-3CDB-4E43-8446-CAAA0770D3E8}.Release|x64.Build.0 = Release|Any CPU
		{F9A36A65-3CDB-4E43-8446-CAAA0770D3E8}.Release|x86.ActiveCfg = Release|Any CPU
		{F9A36A65-3CDB-4E43-8446-CAAA0770D3E8}.Release|x86.Build.0 = Release|Any CPU
		{746F3AE8-5CC0-4D3D-87C8-4D9BEAAA211A}.Debug|Any CPU.ActiveCfg = Debug|Any CPU
		{746F3AE8-5CC0-4D3D-87C8-4D9BEAAA211A}.Debug|Any CPU.Build.0 = Debug|Any CPU
		{746F3AE8-5CC0-4D3D-87C8-4D9BEAAA211A}.Debug|x64.ActiveCfg = Debug|Any CPU
		{746F3AE8-5CC0-4D3D-87C8-4D9BEAAA211A}.Debug|x64.Build.0 = Debug|Any CPU
		{746F3AE8-5CC0-4D3D-87C8-4D9BEAAA211A}.Debug|x86.ActiveCfg = Debug|Any CPU
		{746F3AE8-5CC0-4D3D-87C8-4D9BEAAA211A}.Debug|x86.Build.0 = Debug|Any CPU
		{746F3AE8-5CC0-4D3D-87C8-4D9BEAAA211A}.NoPersitance|Any CPU.ActiveCfg = Debug|Any CPU
		{746F3AE8-5CC0-4D3D-87C8-4D9BEAAA211A}.NoPersitance|Any CPU.Build.0 = Debug|Any CPU
		{746F3AE8-5CC0-4D3D-87C8-4D9BEAAA211A}.NoPersitance|x64.ActiveCfg = Debug|Any CPU
		{746F3AE8-5CC0-4D3D-87C8-4D9BEAAA211A}.NoPersitance|x64.Build.0 = Debug|Any CPU
		{746F3AE8-5CC0-4D3D-87C8-4D9BEAAA211A}.NoPersitance|x86.ActiveCfg = Debug|Any CPU
		{746F3AE8-5CC0-4D3D-87C8-4D9BEAAA211A}.NoPersitance|x86.Build.0 = Debug|Any CPU
		{746F3AE8-5CC0-4D3D-87C8-4D9BEAAA211A}.NoPersitence|Any CPU.ActiveCfg = Debug|Any CPU
		{746F3AE8-5CC0-4D3D-87C8-4D9BEAAA211A}.NoPersitence|Any CPU.Build.0 = Debug|Any CPU
		{746F3AE8-5CC0-4D3D-87C8-4D9BEAAA211A}.NoPersitence|x64.ActiveCfg = Debug|Any CPU
		{746F3AE8-5CC0-4D3D-87C8-4D9BEAAA211A}.NoPersitence|x64.Build.0 = Debug|Any CPU
		{746F3AE8-5CC0-4D3D-87C8-4D9BEAAA211A}.NoPersitence|x86.ActiveCfg = Debug|Any CPU
		{746F3AE8-5CC0-4D3D-87C8-4D9BEAAA211A}.NoPersitence|x86.Build.0 = Debug|Any CPU
		{746F3AE8-5CC0-4D3D-87C8-4D9BEAAA211A}.Release|Any CPU.ActiveCfg = Release|Any CPU
		{746F3AE8-5CC0-4D3D-87C8-4D9BEAAA211A}.Release|Any CPU.Build.0 = Release|Any CPU
		{746F3AE8-5CC0-4D3D-87C8-4D9BEAAA211A}.Release|x64.ActiveCfg = Release|Any CPU
		{746F3AE8-5CC0-4D3D-87C8-4D9BEAAA211A}.Release|x64.Build.0 = Release|Any CPU
		{746F3AE8-5CC0-4D3D-87C8-4D9BEAAA211A}.Release|x86.ActiveCfg = Release|Any CPU
		{746F3AE8-5CC0-4D3D-87C8-4D9BEAAA211A}.Release|x86.Build.0 = Release|Any CPU
		{7687AFF0-B737-4FD8-83C9-03CDD8D9D983}.Debug|Any CPU.ActiveCfg = Debug|Any CPU
		{7687AFF0-B737-4FD8-83C9-03CDD8D9D983}.Debug|Any CPU.Build.0 = Debug|Any CPU
		{7687AFF0-B737-4FD8-83C9-03CDD8D9D983}.Debug|x64.ActiveCfg = Debug|Any CPU
		{7687AFF0-B737-4FD8-83C9-03CDD8D9D983}.Debug|x64.Build.0 = Debug|Any CPU
		{7687AFF0-B737-4FD8-83C9-03CDD8D9D983}.Debug|x86.ActiveCfg = Debug|Any CPU
		{7687AFF0-B737-4FD8-83C9-03CDD8D9D983}.Debug|x86.Build.0 = Debug|Any CPU
		{7687AFF0-B737-4FD8-83C9-03CDD8D9D983}.NoPersitance|Any CPU.ActiveCfg = Debug|Any CPU
		{7687AFF0-B737-4FD8-83C9-03CDD8D9D983}.NoPersitance|Any CPU.Build.0 = Debug|Any CPU
		{7687AFF0-B737-4FD8-83C9-03CDD8D9D983}.NoPersitance|x64.ActiveCfg = Debug|Any CPU
		{7687AFF0-B737-4FD8-83C9-03CDD8D9D983}.NoPersitance|x64.Build.0 = Debug|Any CPU
		{7687AFF0-B737-4FD8-83C9-03CDD8D9D983}.NoPersitance|x86.ActiveCfg = Debug|Any CPU
		{7687AFF0-B737-4FD8-83C9-03CDD8D9D983}.NoPersitance|x86.Build.0 = Debug|Any CPU
		{7687AFF0-B737-4FD8-83C9-03CDD8D9D983}.NoPersitence|Any CPU.ActiveCfg = Debug|Any CPU
		{7687AFF0-B737-4FD8-83C9-03CDD8D9D983}.NoPersitence|Any CPU.Build.0 = Debug|Any CPU
		{7687AFF0-B737-4FD8-83C9-03CDD8D9D983}.NoPersitence|x64.ActiveCfg = Debug|Any CPU
		{7687AFF0-B737-4FD8-83C9-03CDD8D9D983}.NoPersitence|x64.Build.0 = Debug|Any CPU
		{7687AFF0-B737-4FD8-83C9-03CDD8D9D983}.NoPersitence|x86.ActiveCfg = Debug|Any CPU
		{7687AFF0-B737-4FD8-83C9-03CDD8D9D983}.NoPersitence|x86.Build.0 = Debug|Any CPU
		{7687AFF0-B737-4FD8-83C9-03CDD8D9D983}.Release|Any CPU.ActiveCfg = Release|Any CPU
		{7687AFF0-B737-4FD8-83C9-03CDD8D9D983}.Release|Any CPU.Build.0 = Release|Any CPU
		{7687AFF0-B737-4FD8-83C9-03CDD8D9D983}.Release|x64.ActiveCfg = Release|Any CPU
		{7687AFF0-B737-4FD8-83C9-03CDD8D9D983}.Release|x64.Build.0 = Release|Any CPU
		{7687AFF0-B737-4FD8-83C9-03CDD8D9D983}.Release|x86.ActiveCfg = Release|Any CPU
		{7687AFF0-B737-4FD8-83C9-03CDD8D9D983}.Release|x86.Build.0 = Release|Any CPU
		{037963E0-960D-46BF-853C-D630A26A55B1}.Debug|Any CPU.ActiveCfg = Debug|Any CPU
		{037963E0-960D-46BF-853C-D630A26A55B1}.Debug|Any CPU.Build.0 = Debug|Any CPU
		{037963E0-960D-46BF-853C-D630A26A55B1}.Debug|x64.ActiveCfg = Debug|Any CPU
		{037963E0-960D-46BF-853C-D630A26A55B1}.Debug|x64.Build.0 = Debug|Any CPU
		{037963E0-960D-46BF-853C-D630A26A55B1}.Debug|x86.ActiveCfg = Debug|Any CPU
		{037963E0-960D-46BF-853C-D630A26A55B1}.Debug|x86.Build.0 = Debug|Any CPU
		{037963E0-960D-46BF-853C-D630A26A55B1}.NoPersitance|Any CPU.ActiveCfg = Debug|Any CPU
		{037963E0-960D-46BF-853C-D630A26A55B1}.NoPersitance|Any CPU.Build.0 = Debug|Any CPU
		{037963E0-960D-46BF-853C-D630A26A55B1}.NoPersitance|x64.ActiveCfg = Debug|Any CPU
		{037963E0-960D-46BF-853C-D630A26A55B1}.NoPersitance|x64.Build.0 = Debug|Any CPU
		{037963E0-960D-46BF-853C-D630A26A55B1}.NoPersitance|x86.ActiveCfg = Debug|Any CPU
		{037963E0-960D-46BF-853C-D630A26A55B1}.NoPersitance|x86.Build.0 = Debug|Any CPU
		{037963E0-960D-46BF-853C-D630A26A55B1}.NoPersitence|Any CPU.ActiveCfg = Debug|Any CPU
		{037963E0-960D-46BF-853C-D630A26A55B1}.NoPersitence|Any CPU.Build.0 = Debug|Any CPU
		{037963E0-960D-46BF-853C-D630A26A55B1}.NoPersitence|x64.ActiveCfg = Debug|Any CPU
		{037963E0-960D-46BF-853C-D630A26A55B1}.NoPersitence|x64.Build.0 = Debug|Any CPU
		{037963E0-960D-46BF-853C-D630A26A55B1}.NoPersitence|x86.ActiveCfg = Debug|Any CPU
		{037963E0-960D-46BF-853C-D630A26A55B1}.NoPersitence|x86.Build.0 = Debug|Any CPU
		{037963E0-960D-46BF-853C-D630A26A55B1}.Release|Any CPU.ActiveCfg = Release|Any CPU
		{037963E0-960D-46BF-853C-D630A26A55B1}.Release|Any CPU.Build.0 = Release|Any CPU
		{037963E0-960D-46BF-853C-D630A26A55B1}.Release|x64.ActiveCfg = Release|Any CPU
		{037963E0-960D-46BF-853C-D630A26A55B1}.Release|x64.Build.0 = Release|Any CPU
		{037963E0-960D-46BF-853C-D630A26A55B1}.Release|x86.ActiveCfg = Release|Any CPU
		{037963E0-960D-46BF-853C-D630A26A55B1}.Release|x86.Build.0 = Release|Any CPU
		{3E41420F-B151-44FF-892C-8F2F0B9ED4EF}.Debug|Any CPU.ActiveCfg = Debug|Any CPU
		{3E41420F-B151-44FF-892C-8F2F0B9ED4EF}.Debug|Any CPU.Build.0 = Debug|Any CPU
		{3E41420F-B151-44FF-892C-8F2F0B9ED4EF}.Debug|x64.ActiveCfg = Debug|Any CPU
		{3E41420F-B151-44FF-892C-8F2F0B9ED4EF}.Debug|x64.Build.0 = Debug|Any CPU
		{3E41420F-B151-44FF-892C-8F2F0B9ED4EF}.Debug|x86.ActiveCfg = Debug|Any CPU
		{3E41420F-B151-44FF-892C-8F2F0B9ED4EF}.Debug|x86.Build.0 = Debug|Any CPU
		{3E41420F-B151-44FF-892C-8F2F0B9ED4EF}.NoPersitance|Any CPU.ActiveCfg = Debug|Any CPU
		{3E41420F-B151-44FF-892C-8F2F0B9ED4EF}.NoPersitance|Any CPU.Build.0 = Debug|Any CPU
		{3E41420F-B151-44FF-892C-8F2F0B9ED4EF}.NoPersitance|x64.ActiveCfg = Debug|Any CPU
		{3E41420F-B151-44FF-892C-8F2F0B9ED4EF}.NoPersitance|x64.Build.0 = Debug|Any CPU
		{3E41420F-B151-44FF-892C-8F2F0B9ED4EF}.NoPersitance|x86.ActiveCfg = Debug|Any CPU
		{3E41420F-B151-44FF-892C-8F2F0B9ED4EF}.NoPersitance|x86.Build.0 = Debug|Any CPU
		{3E41420F-B151-44FF-892C-8F2F0B9ED4EF}.NoPersitence|Any CPU.ActiveCfg = Debug|Any CPU
		{3E41420F-B151-44FF-892C-8F2F0B9ED4EF}.NoPersitence|Any CPU.Build.0 = Debug|Any CPU
		{3E41420F-B151-44FF-892C-8F2F0B9ED4EF}.NoPersitence|x64.ActiveCfg = Debug|Any CPU
		{3E41420F-B151-44FF-892C-8F2F0B9ED4EF}.NoPersitence|x64.Build.0 = Debug|Any CPU
		{3E41420F-B151-44FF-892C-8F2F0B9ED4EF}.NoPersitence|x86.ActiveCfg = Debug|Any CPU
		{3E41420F-B151-44FF-892C-8F2F0B9ED4EF}.NoPersitence|x86.Build.0 = Debug|Any CPU
		{3E41420F-B151-44FF-892C-8F2F0B9ED4EF}.Release|Any CPU.ActiveCfg = Release|Any CPU
		{3E41420F-B151-44FF-892C-8F2F0B9ED4EF}.Release|Any CPU.Build.0 = Release|Any CPU
		{3E41420F-B151-44FF-892C-8F2F0B9ED4EF}.Release|x64.ActiveCfg = Release|Any CPU
		{3E41420F-B151-44FF-892C-8F2F0B9ED4EF}.Release|x64.Build.0 = Release|Any CPU
		{3E41420F-B151-44FF-892C-8F2F0B9ED4EF}.Release|x86.ActiveCfg = Release|Any CPU
		{3E41420F-B151-44FF-892C-8F2F0B9ED4EF}.Release|x86.Build.0 = Release|Any CPU
		{B1721F56-0D62-4A80-BA21-DA1AB8BF0781}.Debug|Any CPU.ActiveCfg = Debug|Any CPU
		{B1721F56-0D62-4A80-BA21-DA1AB8BF0781}.Debug|Any CPU.Build.0 = Debug|Any CPU
		{B1721F56-0D62-4A80-BA21-DA1AB8BF0781}.Debug|x64.ActiveCfg = Debug|Any CPU
		{B1721F56-0D62-4A80-BA21-DA1AB8BF0781}.Debug|x64.Build.0 = Debug|Any CPU
		{B1721F56-0D62-4A80-BA21-DA1AB8BF0781}.Debug|x86.ActiveCfg = Debug|Any CPU
		{B1721F56-0D62-4A80-BA21-DA1AB8BF0781}.Debug|x86.Build.0 = Debug|Any CPU
		{B1721F56-0D62-4A80-BA21-DA1AB8BF0781}.NoPersitance|Any CPU.ActiveCfg = Debug|Any CPU
		{B1721F56-0D62-4A80-BA21-DA1AB8BF0781}.NoPersitance|Any CPU.Build.0 = Debug|Any CPU
		{B1721F56-0D62-4A80-BA21-DA1AB8BF0781}.NoPersitance|x64.ActiveCfg = Debug|Any CPU
		{B1721F56-0D62-4A80-BA21-DA1AB8BF0781}.NoPersitance|x64.Build.0 = Debug|Any CPU
		{B1721F56-0D62-4A80-BA21-DA1AB8BF0781}.NoPersitance|x86.ActiveCfg = Debug|Any CPU
		{B1721F56-0D62-4A80-BA21-DA1AB8BF0781}.NoPersitance|x86.Build.0 = Debug|Any CPU
		{B1721F56-0D62-4A80-BA21-DA1AB8BF0781}.NoPersitence|Any CPU.ActiveCfg = Debug|Any CPU
		{B1721F56-0D62-4A80-BA21-DA1AB8BF0781}.NoPersitence|Any CPU.Build.0 = Debug|Any CPU
		{B1721F56-0D62-4A80-BA21-DA1AB8BF0781}.NoPersitence|x64.ActiveCfg = Debug|Any CPU
		{B1721F56-0D62-4A80-BA21-DA1AB8BF0781}.NoPersitence|x64.Build.0 = Debug|Any CPU
		{B1721F56-0D62-4A80-BA21-DA1AB8BF0781}.NoPersitence|x86.ActiveCfg = Debug|Any CPU
		{B1721F56-0D62-4A80-BA21-DA1AB8BF0781}.NoPersitence|x86.Build.0 = Debug|Any CPU
		{B1721F56-0D62-4A80-BA21-DA1AB8BF0781}.Release|Any CPU.ActiveCfg = Release|Any CPU
		{B1721F56-0D62-4A80-BA21-DA1AB8BF0781}.Release|Any CPU.Build.0 = Release|Any CPU
		{B1721F56-0D62-4A80-BA21-DA1AB8BF0781}.Release|x64.ActiveCfg = Release|Any CPU
		{B1721F56-0D62-4A80-BA21-DA1AB8BF0781}.Release|x64.Build.0 = Release|Any CPU
		{B1721F56-0D62-4A80-BA21-DA1AB8BF0781}.Release|x86.ActiveCfg = Release|Any CPU
		{B1721F56-0D62-4A80-BA21-DA1AB8BF0781}.Release|x86.Build.0 = Release|Any CPU
	EndGlobalSection
	GlobalSection(SolutionProperties) = preSolution
		HideSolutionNode = FALSE
	EndGlobalSection
	GlobalSection(NestedProjects) = preSolution
		{23875049-824D-4620-BDE2-E4BF7209C6B1} = {9658BC42-BDB1-4B10-AADE-1AF4DEA5D18B}
		{633A76A9-5815-4BBA-B2CB-BE0C7A506430} = {9658BC42-BDB1-4B10-AADE-1AF4DEA5D18B}
		{02E962FD-7164-4B4A-A7E2-27F83E44C8C3} = {9658BC42-BDB1-4B10-AADE-1AF4DEA5D18B}
		{D1291268-A870-4583-92F2-80EBAE149A46} = {8FD39BCE-0BE3-431B-9864-B2E598364320}
		{0770D31A-B653-4443-BC4C-4518344217BD} = {04F400B7-F310-4D80-BBA2-0624B0A0681F}
		{9936BD17-4AB0-453D-AF97-752CE4E0C019} = {04F400B7-F310-4D80-BBA2-0624B0A0681F}
		{F9A36A65-3CDB-4E43-8446-CAAA0770D3E8} = {04F400B7-F310-4D80-BBA2-0624B0A0681F}
		{746F3AE8-5CC0-4D3D-87C8-4D9BEAAA211A} = {1B5DA17F-6E0A-4507-94A3-8DEEB907AF06}
		{7687AFF0-B737-4FD8-83C9-03CDD8D9D983} = {BD80B127-69C3-4393-A3AA-2310354B9F97}
		{037963E0-960D-46BF-853C-D630A26A55B1} = {01289102-AB51-476D-970F-9DC9393A70C7}
		{3E41420F-B151-44FF-892C-8F2F0B9ED4EF} = {1B5DA17F-6E0A-4507-94A3-8DEEB907AF06}
		{1B5DA17F-6E0A-4507-94A3-8DEEB907AF06} = {00A3FE06-55C0-4EB1-B9B5-8E25052F810A}
		{01289102-AB51-476D-970F-9DC9393A70C7} = {00A3FE06-55C0-4EB1-B9B5-8E25052F810A}
		{B1721F56-0D62-4A80-BA21-DA1AB8BF0781} = {01289102-AB51-476D-970F-9DC9393A70C7}
	EndGlobalSection
	GlobalSection(ExtensibilityGlobals) = postSolution
		SolutionGuid = {BE05E851-2071-4403-B9AE-415E988E0CBB}
	EndGlobalSection
EndGlobal
